# This file is automatically @generated by Cargo.
# It is not intended for manual editing.
version = 4

[[package]]
name = "factorio-content"
version = "0.1.0"

[[package]]
name = "factorio-net"
version = "0.1.0"
dependencies = [
 "factorio-proto",
]

[[package]]
name = "factorio-persistence"
version = "0.1.0"
dependencies = [
 "factorio-content",
 "factorio-sim",
]

[[package]]
name = "factorio-proto"
version = "0.1.0"

[[package]]
name = "factorio-server"
version = "0.1.0"
dependencies = [
 "factorio-content",
 "factorio-net",
 "factorio-persistence",
 "factorio-proto",
 "factorio-sim",
 "factorio-world",
]

[[package]]
name = "factorio-sim"
version = "0.1.0"
dependencies = [
 "factorio-content",
]

[[package]]
name = "factorio-world"
version = "0.1.0"
dependencies = [
 "factorio-content",
 "factorio-sim",
]
